
Microsoft Visual Studio Solution File, Format Version 12.00
# Visual Studio 15
VisualStudioVersion = 15.0.26730.12
MinimumVisualStudioVersion = 10.0.40219.1
Project("{FAE04EC0-301F-11D3-BF4B-00C04F79EFBC}") = "EFSqlite", "EFSqlite\EFSqlite.csproj", "{A37CEA2C-B7E0-4B54-9B5F-EC3748F86731}"
EndProject
Global
	GlobalSection(SolutionConfigurationPlatforms) = preSolution
		Debug|Any CPU = Debug|Any CPU
		Release|Any CPU = Release|Any CPU
	EndGlobalSection
	GlobalSection(ProjectConfigurationPlatforms) = postSolution
		{A37CEA2C-B7E0-4B54-9B5F-EC3748F86731}.Debug|Any CPU.ActiveCfg = Debug|Any CPU
		{A37CEA2C-B7E0-4B54-9B5F-EC3748F86731}.Debug|Any CPU.Build.0 = Debug|Any CPU
		{A37CEA2C-B7E0-4B54-9B5F-EC3748F86731}.Release|Any CPU.ActiveCfg = Release|Any CPU
		{A37CEA2C-B7E0-4B54-9B5F-EC3748F86731}.Release|Any CPU.Build.0 = Release|Any CPU
	EndGlobalSection
	GlobalSection(SolutionProperties) = preSolution
		HideSolutionNode = FALSE
	EndGlobalSection
	GlobalSection(ExtensibilityGlobals) = postSolution
		SolutionGuid = {8BFC01DF-2F02-440F-B1C4-4E6EAAD36F7D}
	EndGlobalSection
EndGlobal
